<?xml version="1.0" encoding="utf-8"?>
<Project ToolsVersion="4.0" xmlns="http://schemas.microsoft.com/developer/msbuild/2003">
  <ItemGroup>
    <Filter Include="Source Files">
      <UniqueIdentifier>{311c7f9f-51a5-47b7-ac57-aaad8fa5799c}</UniqueIdentifier>
    </Filter>
    <Filter Include="Resource Files">
      <UniqueIdentifier>{3707e320-c749-4a17-9c36-d0b78df1b7d2}</UniqueIdentifier>
    </Filter>
    <Filter Include="Resource Files\CIFAR">
      <UniqueIdentifier>{f694c4e2-9dbe-42c7-a3ec-4fb22a3225ac}</UniqueIdentifier>
    </Filter>
    <Filter Include="Resource Files\Sprites">
      <UniqueIdentifier>{cc093ab9-d854-474a-9189-d53ec37f03fb}</UniqueIdentifier>
    </Filter>
  </ItemGroup>
  <ItemGroup>
    <CudaCompile Include="main.cu">
      <Filter>Source Files</Filter>
    </CudaCompile>
    <CudaCompile Include="tensor.cuh">
      <Filter>Source Files</Filter>
    </CudaCompile>
  </ItemGroup>
  <ItemGroup>
    <None Include="CIFAR\data_batch_1.bin">
      <Filter>Resource Files\CIFAR</Filter>
    </None>
    <None Include="CIFAR\data_batch_2.bin">
      <Filter>Resource Files\CIFAR</Filter>
    </None>
    <None Include="CIFAR\data_batch_3.bin">
      <Filter>Resource Files\CIFAR</Filter>
    </None>
    <None Include="CIFAR\data_batch_4.bin">
      <Filter>Resource Files\CIFAR</Filter>
    </None>
    <None Include="CIFAR\data_batch_5.bin">
      <Filter>Resource Files\CIFAR</Filter>
    </None>
    <None Include="CIFAR\test_batch.bin">
      <Filter>Resource Files\CIFAR</Filter>
    </None>
  </ItemGroup>
  <ItemGroup>
    <Image Include="Sprites\iso_cube.png">
      <Filter>Resource Files\Sprites</Filter>
    </Image>
  </ItemGroup>
  <ItemGroup>
    <Text Include="CIFAR\batches.meta.txt">
      <Filter>Resource Files\CIFAR</Filter>
    </Text>
  </ItemGroup>
</Project>